<?xml version="1.0" encoding="UTF-8" standalone="yes" ?>
<CodeBlocks_project_file>
	<FileVersion major="1" minor="6" />
	<Project>
		<Option title="szakvizsgaCB" />
		<Option pch_mode="2" />
		<Option compiler="gcc" />
		<Build>
			<Target title="Debug">
				<Option output="bin/Debug/szakvizsgaCB" prefix_auto="1" extension_auto="1" />
				<Option object_output="obj/Debug/" />
				<Option type="1" />
				<Option compiler="gcc" />
				<Compiler>
					<Add option="-g" />
					<Add directory="include" />
				</Compiler>
				<Linker>
					<Add library="sfml-graphics-d" />
					<Add library="sfml-window-d" />
					<Add library="sfml-system-d" />
				</Linker>
			</Target>
			<Target title="Release">
				<Option output="bin/Release/szakvizsgaCB" prefix_auto="1" extension_auto="1" />
				<Option object_output="obj/Release/" />
				<Option type="0" />
				<Option compiler="gcc" />
				<Compiler>
					<Add option="-O2" />
					<Add directory="include" />
				</Compiler>
				<Linker>
					<Add option="-s" />
					<Add library="sfml-graphics" />
					<Add library="sfml-window" />
					<Add library="sfml-system" />
				</Linker>
			</Target>
		</Build>
		<Compiler>
			<Add option="-Wall" />
			<Add directory="D:/CodeBlocks SFML-2.5.1/include" />
		</Compiler>
		<Linker>
			<Add library="mingw32" />
			<Add library="user32" />
			<Add library="gdi32" />
			<Add library="winmm" />
			<Add library="dxguid" />
			<Add directory="D:/CodeBlocks SFML-2.5.1/lib" />
		</Linker>
		<Unit filename="include/Button.h" />
		<Unit filename="include/EndlessModeState.h" />
		<Unit filename="include/Enemy.h" />
		<Unit filename="include/Entity.h" />
		<Unit filename="include/Game.h" />
		<Unit filename="include/MainMenuState.h" />
		<Unit filename="include/Map.h" />
		<Unit filename="include/MoreInfo.h" />
		<Unit filename="include/OptionsState.h" />
		<Unit filename="include/PauseMenuState.h" />
		<Unit filename="include/Player.h" />
		<Unit filename="include/Projectile.h" />
		<Unit filename="include/State.h" />
		<Unit filename="include/StateMachine.h" />
		<Unit filename="include/Title.h" />
		<Unit filename="include/Weapon.h" />
		<Unit filename="include/WeaponCrate.h" />
		<Unit filename="main.cpp" />
		<Unit filename="resources/maps/map1.in" />
		<Unit filename="src/Button.cpp" />
		<Unit filename="src/EndlessModeState.cpp" />
		<Unit filename="src/Enemy.cpp" />
		<Unit filename="src/Game.cpp" />
		<Unit filename="src/MainMenuState.cpp" />
		<Unit filename="src/Map.cpp" />
		<Unit filename="src/OptionsState.cpp" />
		<Unit filename="src/PauseMenuState.cpp" />
		<Unit filename="src/Player.cpp" />
		<Unit filename="src/Projectile.cpp" />
		<Unit filename="src/StateMachine.cpp" />
		<Unit filename="src/Title.cpp" />
		<Unit filename="src/Weapon.cpp" />
		<Unit filename="src/WeaponCrate.cpp" />
		<Extensions>
			<lib_finder disable_auto="1" />
		</Extensions>
	</Project>
</CodeBlocks_project_file>
